
Microsoft Visual Studio Solution File, Format Version 12.00
# Visual Studio Version 17
VisualStudioVersion = 17.8.34408.163
MinimumVisualStudioVersion = 10.0.40219.1
Project("{FAE04EC0-301F-11D3-BF4B-00C04F79EFBC}") = "StoreWebApi", "StoreWebApi\StoreWebApi.csproj", "{E91E5350-D8F8-4F22-937A-ED03EFBB62C3}"
EndProject
Project("{2150E333-8FDC-42A3-9474-1A3956D46DE8}") = "Solution Items", "Solution Items", "{E8EB5E18-4133-4212-8069-E131E3733C2C}"
	ProjectSection(SolutionItems) = preProject
		.editorconfig = .editorconfig
	EndProjectSection
EndProject
Global
	GlobalSection(SolutionConfigurationPlatforms) = preSolution
		Debug|Any CPU = Debug|Any CPU
		Release|Any CPU = Release|Any CPU
	EndGlobalSection
	GlobalSection(ProjectConfigurationPlatforms) = postSolution
		{E91E5350-D8F8-4F22-937A-ED03EFBB62C3}.Debug|Any CPU.ActiveCfg = Debug|Any CPU
		{E91E5350-D8F8-4F22-937A-ED03EFBB62C3}.Debug|Any CPU.Build.0 = Debug|Any CPU
		{E91E5350-D8F8-4F22-937A-ED03EFBB62C3}.Release|Any CPU.ActiveCfg = Release|Any CPU
		{E91E5350-D8F8-4F22-937A-ED03EFBB62C3}.Release|Any CPU.Build.0 = Release|Any CPU
	EndGlobalSection
	GlobalSection(SolutionProperties) = preSolution
		HideSolutionNode = FALSE
	EndGlobalSection
	GlobalSection(ExtensibilityGlobals) = postSolution
		SolutionGuid = {075B4BD7-AB5F-48C0-A225-DA20599D052A}
	EndGlobalSection
EndGlobal
